<Solution>
  <Project Path="ClinicLogicLayer/ClinicLogicLayer.csproj" Id="2d3cf857-843e-42a0-adbf-ae07780096dc" />
  <Project Path="ClinicManagementSystemAPI/ClinicManagementSystemAPI.csproj" />
  <Project Path="DataAccessLayer/DataAccessLayer.csproj" Id="708496d7-af7b-4438-8893-a11278a84f29" />
  <Project Path="DTOsLayer/DTOsLayer.csproj" Id="078cc12d-98b8-4c73-855c-ecac49a64160" />
</Solution>
